// !$*UTF8*$!
{
	archiveVersion = 1;
	classes = {
	};
	objectVersion = 46;
	objects = {

/* Begin PBXBuildFile section */
		0C3949051D3527D4005FFE41 /* MCTopicCell.m in Sources */ = {isa = PBXBuildFile; fileRef = 0C3949031D3527D4005FFE41 /* MCTopicCell.m */; };
		0C3949061D3527D4005FFE41 /* MCTopicCell.xib in Resources */ = {isa = PBXBuildFile; fileRef = 0C3949041D3527D4005FFE41 /* MCTopicCell.xib */; };
		0C3949091D3527F0005FFE41 /* MCTopicModel.m in Sources */ = {isa = PBXBuildFile; fileRef = 0C3949081D3527F0005FFE41 /* MCTopicModel.m */; };
		0C39490C1D35287E005FFE41 /* MCTopicHeadView.m in Sources */ = {isa = PBXBuildFile; fileRef = 0C39490B1D35287E005FFE41 /* MCTopicHeadView.m */; };
		0C39490E1D35288D005FFE41 /* MCTopicHeadView.xib in Resources */ = {isa = PBXBuildFile; fileRef = 0C39490D1D35288D005FFE41 /* MCTopicHeadView.xib */; };
		0C3949171D3532C0005FFE41 /* 茶社.json in Resources */ = {isa = PBXBuildFile; fileRef = 0C3949121D3532C0005FFE41 /* 茶社.json */; };
		0C3949181D3532C0005FFE41 /* 首页.json in Resources */ = {isa = PBXBuildFile; fileRef = 0C3949131D3532C0005FFE41 /* 首页.json */; };
		0C3949191D3532C0005FFE41 /* 首页分类.json in Resources */ = {isa = PBXBuildFile; fileRef = 0C3949141D3532C0005FFE41 /* 首页分类.json */; };
		0C39491A1D3532C0005FFE41 /* 值得买.json in Resources */ = {isa = PBXBuildFile; fileRef = 0C3949151D3532C0005FFE41 /* 值得买.json */; };
		0C39491B1D3532C0005FFE41 /* 值得买类别.json in Resources */ = {isa = PBXBuildFile; fileRef = 0C3949161D3532C0005FFE41 /* 值得买类别.json */; };
		0C3949241D353657005FFE41 /* NSArray+Extension.m in Sources */ = {isa = PBXBuildFile; fileRef = 0C3949231D353657005FFE41 /* NSArray+Extension.m */; };
		0C3949271D353A5F005FFE41 /* NSString+Extension.m in Sources */ = {isa = PBXBuildFile; fileRef = 0C3949261D353A5F005FFE41 /* NSString+Extension.m */; };
		0C623D081D34E27C00C0B868 /* MCTopicTableViewController.m in Sources */ = {isa = PBXBuildFile; fileRef = 0C623D071D34E27C00C0B868 /* MCTopicTableViewController.m */; };
		0CB597C71D2EC8FE00F0CB63 /* main.m in Sources */ = {isa = PBXBuildFile; fileRef = 0CB597C61D2EC8FE00F0CB63 /* main.m */; };
		0CB597D01D2EC8FE00F0CB63 /* Main.storyboard in Resources */ = {isa = PBXBuildFile; fileRef = 0CB597CE1D2EC8FE00F0CB63 /* Main.storyboard */; };
		0CB597D21D2EC8FE00F0CB63 /* Assets.xcassets in Resources */ = {isa = PBXBuildFile; fileRef = 0CB597D11D2EC8FE00F0CB63 /* Assets.xcassets */; };
		0CB597D51D2EC8FE00F0CB63 /* LaunchScreen.storyboard in Resources */ = {isa = PBXBuildFile; fileRef = 0CB597D31D2EC8FE00F0CB63 /* LaunchScreen.storyboard */; };
		0CB597E01D2EC8FE00F0CB63 /* ____Tests.m in Sources */ = {isa = PBXBuildFile; fileRef = 0CB597DF1D2EC8FE00F0CB63 /* ____Tests.m */; };
		0CB597EB1D2EC8FE00F0CB63 /* ____UITests.m in Sources */ = {isa = PBXBuildFile; fileRef = 0CB597EA1D2EC8FE00F0CB63 /* ____UITests.m */; };
		0CDF628C1D2F575200C68874 /* AppDelegate.m in Sources */ = {isa = PBXBuildFile; fileRef = 0CDF626D1D2F575200C68874 /* AppDelegate.m */; };
		0CF1D0451D33E88E00EB2E02 /* MCTopLabel.m in Sources */ = {isa = PBXBuildFile; fileRef = 0CF1D0441D33E88E00EB2E02 /* MCTopLabel.m */; };
		0CF2FC9B1D3019EF00628D5E /* MCNavigationController.m in Sources */ = {isa = PBXBuildFile; fileRef = 0CF2FC9A1D3019EF00628D5E /* MCNavigationController.m */; };
		0CF2FC9E1D301A0500628D5E /* MCHomeViewController.m in Sources */ = {isa = PBXBuildFile; fileRef = 0CF2FC9D1D301A0500628D5E /* MCHomeViewController.m */; };
		0CF2FCA11D301A1D00628D5E /* MCCommunityViewController.m in Sources */ = {isa = PBXBuildFile; fileRef = 0CF2FCA01D301A1D00628D5E /* MCCommunityViewController.m */; };
		0CF2FCA41D301A3000628D5E /* MCBestBuyViewController.m in Sources */ = {isa = PBXBuildFile; fileRef = 0CF2FCA31D301A3000628D5E /* MCBestBuyViewController.m */; };
		0CF2FCA71D301A4000628D5E /* MCPostViewController.m in Sources */ = {isa = PBXBuildFile; fileRef = 0CF2FCA61D301A4000628D5E /* MCPostViewController.m */; };
		0CF2FCAD1D301A7100628D5E /* MCProfileViewController.m in Sources */ = {isa = PBXBuildFile; fileRef = 0CF2FCAC1D301A7100628D5E /* MCProfileViewController.m */; };
		0CF2FCB01D301AEE00628D5E /* MCTabBarController.m in Sources */ = {isa = PBXBuildFile; fileRef = 0CF2FCAF1D301AEE00628D5E /* MCTabBarController.m */; };
		5F9F6E2080647FF40F921EF9 /* libPods-抹茶美妆.a in Frameworks */ = {isa = PBXBuildFile; fileRef = C8700CE5D1ECDA31EFD3F57B /* libPods-抹茶美妆.a */; };
/* End PBXBuildFile section */

/* Begin PBXContainerItemProxy section */
		0CB597DC1D2EC8FE00F0CB63 /* PBXContainerItemProxy */ = {
			isa = PBXContainerItemProxy;
			containerPortal = 0CB597BA1D2EC8FE00F0CB63 /* Project object */;
			proxyType = 1;
			remoteGlobalIDString = 0CB597C11D2EC8FE00F0CB63;
			remoteInfo = "抹茶美妆";
		};
		0CB597E71D2EC8FE00F0CB63 /* PBXContainerItemProxy */ = {
			isa = PBXContainerItemProxy;
			containerPortal = 0CB597BA1D2EC8FE00F0CB63 /* Project object */;
			proxyType = 1;
			remoteGlobalIDString = 0CB597C11D2EC8FE00F0CB63;
			remoteInfo = "抹茶美妆";
		};
/* End PBXContainerItemProxy section */

/* Begin PBXFileReference section */
		0C3949021D3527D4005FFE41 /* MCTopicCell.h */ = {isa = PBXFileReference; fileEncoding = 4; lastKnownFileType = sourcecode.c.h; path = MCTopicCell.h; sourceTree = "<group>"; };
		0C3949031D3527D4005FFE41 /* MCTopicCell.m */ = {isa = PBXFileReference; fileEncoding = 4; lastKnownFileType = sourcecode.c.objc; path = MCTopicCell.m; sourceTree = "<group>"; };
		0C3949041D3527D4005FFE41 /* MCTopicCell.xib */ = {isa = PBXFileReference; fileEncoding = 4; lastKnownFileType = file.xib; path = MCTopicCell.xib; sourceTree = "<group>"; };
		0C3949071D3527F0005FFE41 /* MCTopicModel.h */ = {isa = PBXFileReference; fileEncoding = 4; lastKnownFileType = sourcecode.c.h; path = MCTopicModel.h; sourceTree = "<group>"; };
		0C3949081D3527F0005FFE41 /* MCTopicModel.m */ = {isa = PBXFileReference; fileEncoding = 4; lastKnownFileType = sourcecode.c.objc; path = MCTopicModel.m; sourceTree = "<group>"; };
		0C39490A1D35287E005FFE41 /* MCTopicHeadView.h */ = {isa = PBXFileReference; fileEncoding = 4; lastKnownFileType = sourcecode.c.h; path = MCTopicHeadView.h; sourceTree = "<group>"; };
		0C39490B1D35287E005FFE41 /* MCTopicHeadView.m */ = {isa = PBXFileReference; fileEncoding = 4; lastKnownFileType = sourcecode.c.objc; path = MCTopicHeadView.m; sourceTree = "<group>"; };
		0C39490D1D35288D005FFE41 /* MCTopicHeadView.xib */ = {isa = PBXFileReference; fileEncoding = 4; lastKnownFileType = file.xib; path = MCTopicHeadView.xib; sourceTree = "<group>"; };
		0C3949121D3532C0005FFE41 /* 茶社.json */ = {isa = PBXFileReference; fileEncoding = 4; lastKnownFileType = text.json; path = "茶社.json"; sourceTree = "<group>"; };
		0C3949131D3532C0005FFE41 /* 首页.json */ = {isa = PBXFileReference; fileEncoding = 4; lastKnownFileType = text.json; path = "首页.json"; sourceTree = "<group>"; };
		0C3949141D3532C0005FFE41 /* 首页分类.json */ = {isa = PBXFileReference; fileEncoding = 4; lastKnownFileType = text.json; path = "首页分类.json"; sourceTree = "<group>"; };
		0C3949151D3532C0005FFE41 /* 值得买.json */ = {isa = PBXFileReference; fileEncoding = 4; lastKnownFileType = text.json; path = "值得买.json"; sourceTree = "<group>"; };
		0C3949161D3532C0005FFE41 /* 值得买类别.json */ = {isa = PBXFileReference; fileEncoding = 4; lastKnownFileType = text.json; path = "值得买类别.json"; sourceTree = "<group>"; };
		0C3949221D353657005FFE41 /* NSArray+Extension.h */ = {isa = PBXFileReference; fileEncoding = 4; lastKnownFileType = sourcecode.c.h; path = "NSArray+Extension.h"; sourceTree = "<group>"; };
		0C3949231D353657005FFE41 /* NSArray+Extension.m */ = {isa = PBXFileReference; fileEncoding = 4; lastKnownFileType = sourcecode.c.objc; path = "NSArray+Extension.m"; sourceTree = "<group>"; };
		0C3949251D353A5F005FFE41 /* NSString+Extension.h */ = {isa = PBXFileReference; fileEncoding = 4; lastKnownFileType = sourcecode.c.h; path = "NSString+Extension.h"; sourceTree = "<group>"; };
		0C3949261D353A5F005FFE41 /* NSString+Extension.m */ = {isa = PBXFileReference; fileEncoding = 4; lastKnownFileType = sourcecode.c.objc; path = "NSString+Extension.m"; sourceTree = "<group>"; };
		0C623D061D34E27C00C0B868 /* MCTopicTableViewController.h */ = {isa = PBXFileReference; fileEncoding = 4; lastKnownFileType = sourcecode.c.h; path = MCTopicTableViewController.h; sourceTree = "<group>"; };
		0C623D071D34E27C00C0B868 /* MCTopicTableViewController.m */ = {isa = PBXFileReference; fileEncoding = 4; lastKnownFileType = sourcecode.c.objc; path = MCTopicTableViewController.m; sourceTree = "<group>"; };
		0CB597C21D2EC8FE00F0CB63 /* MCMZ.app */ = {isa = PBXFileReference; explicitFileType = wrapper.application; includeInIndex = 0; path = MCMZ.app; sourceTree = BUILT_PRODUCTS_DIR; };
		0CB597C61D2EC8FE00F0CB63 /* main.m */ = {isa = PBXFileReference; lastKnownFileType = sourcecode.c.objc; path = main.m; sourceTree = "<group>"; };
		0CB597CF1D2EC8FE00F0CB63 /* Base */ = {isa = PBXFileReference; lastKnownFileType = file.storyboard; name = Base; path = Base.lproj/Main.storyboard; sourceTree = "<group>"; };
		0CB597D11D2EC8FE00F0CB63 /* Assets.xcassets */ = {isa = PBXFileReference; lastKnownFileType = folder.assetcatalog; path = Assets.xcassets; sourceTree = "<group>"; };
		0CB597D41D2EC8FE00F0CB63 /* Base */ = {isa = PBXFileReference; lastKnownFileType = file.storyboard; name = Base; path = Base.lproj/LaunchScreen.storyboard; sourceTree = "<group>"; };
		0CB597D61D2EC8FE00F0CB63 /* Info.plist */ = {isa = PBXFileReference; lastKnownFileType = text.plist.xml; path = Info.plist; sourceTree = "<group>"; };
		0CB597DB1D2EC8FE00F0CB63 /* 抹茶美妆Tests.xctest */ = {isa = PBXFileReference; explicitFileType = wrapper.cfbundle; includeInIndex = 0; path = "抹茶美妆Tests.xctest"; sourceTree = BUILT_PRODUCTS_DIR; };
		0CB597DF1D2EC8FE00F0CB63 /* ____Tests.m */ = {isa = PBXFileReference; lastKnownFileType = sourcecode.c.objc; path = "____Tests.m"; sourceTree = "<group>"; };
		0CB597E11D2EC8FE00F0CB63 /* Info.plist */ = {isa = PBXFileReference; lastKnownFileType = text.plist.xml; path = Info.plist; sourceTree = "<group>"; };
		0CB597E61D2EC8FE00F0CB63 /* 抹茶美妆UITests.xctest */ = {isa = PBXFileReference; explicitFileType = wrapper.cfbundle; includeInIndex = 0; path = "抹茶美妆UITests.xctest"; sourceTree = BUILT_PRODUCTS_DIR; };
		0CB597EA1D2EC8FE00F0CB63 /* ____UITests.m */ = {isa = PBXFileReference; lastKnownFileType = sourcecode.c.objc; path = "____UITests.m"; sourceTree = "<group>"; };
		0CB597EC1D2EC8FE00F0CB63 /* Info.plist */ = {isa = PBXFileReference; lastKnownFileType = text.plist.xml; path = Info.plist; sourceTree = "<group>"; };
		0CDF626C1D2F575200C68874 /* AppDelegate.h */ = {isa = PBXFileReference; fileEncoding = 4; lastKnownFileType = sourcecode.c.h; path = AppDelegate.h; sourceTree = "<group>"; };
		0CDF626D1D2F575200C68874 /* AppDelegate.m */ = {isa = PBXFileReference; fileEncoding = 4; lastKnownFileType = sourcecode.c.objc; path = AppDelegate.m; sourceTree = "<group>"; };
		0CF1D0431D33E88E00EB2E02 /* MCTopLabel.h */ = {isa = PBXFileReference; fileEncoding = 4; lastKnownFileType = sourcecode.c.h; path = MCTopLabel.h; sourceTree = "<group>"; };
		0CF1D0441D33E88E00EB2E02 /* MCTopLabel.m */ = {isa = PBXFileReference; fileEncoding = 4; lastKnownFileType = sourcecode.c.objc; path = MCTopLabel.m; sourceTree = "<group>"; };
		0CF2FC951D30199100628D5E /* PrefixHeader.pch */ = {isa = PBXFileReference; lastKnownFileType = sourcecode.c.h; path = PrefixHeader.pch; sourceTree = "<group>"; };
		0CF2FC991D3019EF00628D5E /* MCNavigationController.h */ = {isa = PBXFileReference; fileEncoding = 4; lastKnownFileType = sourcecode.c.h; path = MCNavigationController.h; sourceTree = "<group>"; };
		0CF2FC9A1D3019EF00628D5E /* MCNavigationController.m */ = {isa = PBXFileReference; fileEncoding = 4; lastKnownFileType = sourcecode.c.objc; path = MCNavigationController.m; sourceTree = "<group>"; };
		0CF2FC9C1D301A0500628D5E /* MCHomeViewController.h */ = {isa = PBXFileReference; fileEncoding = 4; lastKnownFileType = sourcecode.c.h; path = MCHomeViewController.h; sourceTree = "<group>"; };
		0CF2FC9D1D301A0500628D5E /* MCHomeViewController.m */ = {isa = PBXFileReference; fileEncoding = 4; lastKnownFileType = sourcecode.c.objc; path = MCHomeViewController.m; sourceTree = "<group>"; };
		0CF2FC9F1D301A1D00628D5E /* MCCommunityViewController.h */ = {isa = PBXFileReference; fileEncoding = 4; lastKnownFileType = sourcecode.c.h; path = MCCommunityViewController.h; sourceTree = "<group>"; };
		0CF2FCA01D301A1D00628D5E /* MCCommunityViewController.m */ = {isa = PBXFileReference; fileEncoding = 4; lastKnownFileType = sourcecode.c.objc; path = MCCommunityViewController.m; sourceTree = "<group>"; };
		0CF2FCA21D301A3000628D5E /* MCBestBuyViewController.h */ = {isa = PBXFileReference; fileEncoding = 4; lastKnownFileType = sourcecode.c.h; path = MCBestBuyViewController.h; sourceTree = "<group>"; };
		0CF2FCA31D301A3000628D5E /* MCBestBuyViewController.m */ = {isa = PBXFileReference; fileEncoding = 4; lastKnownFileType = sourcecode.c.objc; path = MCBestBuyViewController.m; sourceTree = "<group>"; };
		0CF2FCA51D301A4000628D5E /* MCPostViewController.h */ = {isa = PBXFileReference; fileEncoding = 4; lastKnownFileType = sourcecode.c.h; path = MCPostViewController.h; sourceTree = "<group>"; };
		0CF2FCA61D301A4000628D5E /* MCPostViewController.m */ = {isa = PBXFileReference; fileEncoding = 4; lastKnownFileType = sourcecode.c.objc; path = MCPostViewController.m; sourceTree = "<group>"; };
		0CF2FCAB1D301A7100628D5E /* MCProfileViewController.h */ = {isa = PBXFileReference; fileEncoding = 4; lastKnownFileType = sourcecode.c.h; path = MCProfileViewController.h; sourceTree = "<group>"; };
		0CF2FCAC1D301A7100628D5E /* MCProfileViewController.m */ = {isa = PBXFileReference; fileEncoding = 4; lastKnownFileType = sourcecode.c.objc; path = MCProfileViewController.m; sourceTree = "<group>"; };
		0CF2FCAE1D301AEE00628D5E /* MCTabBarController.h */ = {isa = PBXFileReference; fileEncoding = 4; lastKnownFileType = sourcecode.c.h; path = MCTabBarController.h; sourceTree = "<group>"; };
		0CF2FCAF1D301AEE00628D5E /* MCTabBarController.m */ = {isa = PBXFileReference; fileEncoding = 4; lastKnownFileType = sourcecode.c.objc; path = MCTabBarController.m; sourceTree = "<group>"; };
		64F585E0050AD54EA60B484B /* Pods-抹茶美妆.debug.xcconfig */ = {isa = PBXFileReference; includeInIndex = 1; lastKnownFileType = text.xcconfig; name = "Pods-抹茶美妆.debug.xcconfig"; path = "Pods/Target Support Files/Pods-抹茶美妆/Pods-抹茶美妆.debug.xcconfig"; sourceTree = "<group>"; };
		8B14D121144969213BE2357C /* Pods-抹茶美妆.release.xcconfig */ = {isa = PBXFileReference; includeInIndex = 1; lastKnownFileType = text.xcconfig; name = "Pods-抹茶美妆.release.xcconfig"; path = "Pods/Target Support Files/Pods-抹茶美妆/Pods-抹茶美妆.release.xcconfig"; sourceTree = "<group>"; };
		C8700CE5D1ECDA31EFD3F57B /* libPods-抹茶美妆.a */ = {isa = PBXFileReference; explicitFileType = archive.ar; includeInIndex = 0; path = "libPods-抹茶美妆.a"; sourceTree = BUILT_PRODUCTS_DIR; };
/* End PBXFileReference section */

/* Begin PBXFrameworksBuildPhase section */
		0CB597BF1D2EC8FE00F0CB63 /* Frameworks */ = {
			isa = PBXFrameworksBuildPhase;
			buildActionMask = 2147483647;
			files = (
				5F9F6E2080647FF40F921EF9 /* libPods-抹茶美妆.a in Frameworks */,
			);
			runOnlyForDeploymentPostprocessing = 0;
		};
		0CB597D81D2EC8FE00F0CB63 /* Frameworks */ = {
			isa = PBXFrameworksBuildPhase;
			buildActionMask = 2147483647;
			files = (
			);
			runOnlyForDeploymentPostprocessing = 0;
		};
		0CB597E31D2EC8FE00F0CB63 /* Frameworks */ = {
			isa = PBXFrameworksBuildPhase;
			buildActionMask = 2147483647;
			files = (
			);
			runOnlyForDeploymentPostprocessing = 0;
		};
/* End PBXFrameworksBuildPhase section */

/* Begin PBXGroup section */
		0CB597B91D2EC8FE00F0CB63 = {
			isa = PBXGroup;
			children = (
				0CB597C41D2EC8FE00F0CB63 /* 抹茶美妆 */,
				0CB597DE1D2EC8FE00F0CB63 /* 抹茶美妆Tests */,
				0CB597E91D2EC8FE00F0CB63 /* 抹茶美妆UITests */,
				0CB597C31D2EC8FE00F0CB63 /* Products */,
				359E91E33A61941A8802EB30 /* Pods */,
				790878B18BD5DABAB8103923 /* Frameworks */,
			);
			sourceTree = "<group>";
		};
		0CB597C31D2EC8FE00F0CB63 /* Products */ = {
			isa = PBXGroup;
			children = (
				0CB597C21D2EC8FE00F0CB63 /* MCMZ.app */,
				0CB597DB1D2EC8FE00F0CB63 /* 抹茶美妆Tests.xctest */,
				0CB597E61D2EC8FE00F0CB63 /* 抹茶美妆UITests.xctest */,
			);
			name = Products;
			sourceTree = "<group>";
		};
		0CB597C41D2EC8FE00F0CB63 /* 抹茶美妆 */ = {
			isa = PBXGroup;
			children = (
				0CF2FC661D2F91DB00628D5E /* Project */,
				0CDF626B1D2F575200C68874 /* AppDelegate */,
				0CDF626E1D2F575200C68874 /* Common */,
				0CDF62701D2F575200C68874 /* Others */,
				0CDF628A1D2F575200C68874 /* Resource */,
				0CDF628B1D2F575200C68874 /* Utils */,
				0CB597C51D2EC8FE00F0CB63 /* Supporting Files */,
			);
			path = "抹茶美妆";
			sourceTree = "<group>";
		};
		0CB597C51D2EC8FE00F0CB63 /* Supporting Files */ = {
			isa = PBXGroup;
			children = (
				0CB597CE1D2EC8FE00F0CB63 /* Main.storyboard */,
				0CB597D11D2EC8FE00F0CB63 /* Assets.xcassets */,
				0CB597D31D2EC8FE00F0CB63 /* LaunchScreen.storyboard */,
				0CB597D61D2EC8FE00F0CB63 /* Info.plist */,
				0CB597C61D2EC8FE00F0CB63 /* main.m */,
			);
			name = "Supporting Files";
			sourceTree = "<group>";
		};
		0CB597DE1D2EC8FE00F0CB63 /* 抹茶美妆Tests */ = {
			isa = PBXGroup;
			children = (
				0CB597DF1D2EC8FE00F0CB63 /* ____Tests.m */,
				0CB597E11D2EC8FE00F0CB63 /* Info.plist */,
			);
			path = "抹茶美妆Tests";
			sourceTree = "<group>";
		};
		0CB597E91D2EC8FE00F0CB63 /* 抹茶美妆UITests */ = {
			isa = PBXGroup;
			children = (
				0CB597EA1D2EC8FE00F0CB63 /* ____UITests.m */,
				0CB597EC1D2EC8FE00F0CB63 /* Info.plist */,
			);
			path = "抹茶美妆UITests";
			sourceTree = "<group>";
		};
		0CDF626B1D2F575200C68874 /* AppDelegate */ = {
			isa = PBXGroup;
			children = (
				0CDF626C1D2F575200C68874 /* AppDelegate.h */,
				0CDF626D1D2F575200C68874 /* AppDelegate.m */,
			);
			path = AppDelegate;
			sourceTree = "<group>";
		};
		0CDF626E1D2F575200C68874 /* Common */ = {
			isa = PBXGroup;
			children = (
				0CDF626F1D2F575200C68874 /* Extension */,
			);
			path = Common;
			sourceTree = "<group>";
		};
		0CDF626F1D2F575200C68874 /* Extension */ = {
			isa = PBXGroup;
			children = (
				0C3949221D353657005FFE41 /* NSArray+Extension.h */,
				0C3949231D353657005FFE41 /* NSArray+Extension.m */,
				0C3949251D353A5F005FFE41 /* NSString+Extension.h */,
				0C3949261D353A5F005FFE41 /* NSString+Extension.m */,
			);
			path = Extension;
			sourceTree = "<group>";
		};
		0CDF62701D2F575200C68874 /* Others */ = {
			isa = PBXGroup;
			children = (
				0CF2FC951D30199100628D5E /* PrefixHeader.pch */,
			);
			path = Others;
			sourceTree = "<group>";
		};
		0CDF628A1D2F575200C68874 /* Resource */ = {
			isa = PBXGroup;
			children = (
				0C3949121D3532C0005FFE41 /* 茶社.json */,
				0C3949131D3532C0005FFE41 /* 首页.json */,
				0C3949141D3532C0005FFE41 /* 首页分类.json */,
				0C3949151D3532C0005FFE41 /* 值得买.json */,
				0C3949161D3532C0005FFE41 /* 值得买类别.json */,
			);
			path = Resource;
			sourceTree = "<group>";
		};
		0CDF628B1D2F575200C68874 /* Utils */ = {
			isa = PBXGroup;
			children = (
			);
			path = Utils;
			sourceTree = "<group>";
		};
		0CF2FC661D2F91DB00628D5E /* Project */ = {
			isa = PBXGroup;
			children = (
				0CF2FC671D2F91DB00628D5E /* BestBuy */,
				0CF2FC6B1D2F91DB00628D5E /* Community */,
				0CF2FC6F1D2F91DB00628D5E /* Home */,
				0CF2FC731D2F91DB00628D5E /* Main */,
				0CF2FC771D2F91DB00628D5E /* Post */,
				0CF2FC7B1D2F91DB00628D5E /* Profile */,
			);
			path = Project;
			sourceTree = "<group>";
		};
		0CF2FC671D2F91DB00628D5E /* BestBuy */ = {
			isa = PBXGroup;
			children = (
				0CF2FC681D2F91DB00628D5E /* Controller */,
				0CF2FC691D2F91DB00628D5E /* Model */,
				0CF2FC6A1D2F91DB00628D5E /* View */,
			);
			path = BestBuy;
			sourceTree = "<group>";
		};
		0CF2FC681D2F91DB00628D5E /* Controller */ = {
			isa = PBXGroup;
			children = (
				0CF2FCA21D301A3000628D5E /* MCBestBuyViewController.h */,
				0CF2FCA31D301A3000628D5E /* MCBestBuyViewController.m */,
			);
			path = Controller;
			sourceTree = "<group>";
		};
		0CF2FC691D2F91DB00628D5E /* Model */ = {
			isa = PBXGroup;
			children = (
			);
			path = Model;
			sourceTree = "<group>";
		};
		0CF2FC6A1D2F91DB00628D5E /* View */ = {
			isa = PBXGroup;
			children = (
			);
			path = View;
			sourceTree = "<group>";
		};
		0CF2FC6B1D2F91DB00628D5E /* Community */ = {
			isa = PBXGroup;
			children = (
				0CF2FC6C1D2F91DB00628D5E /* Controller */,
				0CF2FC6D1D2F91DB00628D5E /* Model */,
				0CF2FC6E1D2F91DB00628D5E /* View */,
			);
			path = Community;
			sourceTree = "<group>";
		};
		0CF2FC6C1D2F91DB00628D5E /* Controller */ = {
			isa = PBXGroup;
			children = (
				0CF2FC9F1D301A1D00628D5E /* MCCommunityViewController.h */,
				0CF2FCA01D301A1D00628D5E /* MCCommunityViewController.m */,
			);
			path = Controller;
			sourceTree = "<group>";
		};
		0CF2FC6D1D2F91DB00628D5E /* Model */ = {
			isa = PBXGroup;
			children = (
			);
			path = Model;
			sourceTree = "<group>";
		};
		0CF2FC6E1D2F91DB00628D5E /* View */ = {
			isa = PBXGroup;
			children = (
			);
			path = View;
			sourceTree = "<group>";
		};
		0CF2FC6F1D2F91DB00628D5E /* Home */ = {
			isa = PBXGroup;
			children = (
				0CF2FC701D2F91DB00628D5E /* Controller */,
				0CF2FC711D2F91DB00628D5E /* Model */,
				0CF2FC721D2F91DB00628D5E /* View */,
			);
			path = Home;
			sourceTree = "<group>";
		};
		0CF2FC701D2F91DB00628D5E /* Controller */ = {
			isa = PBXGroup;
			children = (
				0CF2FC9C1D301A0500628D5E /* MCHomeViewController.h */,
				0CF2FC9D1D301A0500628D5E /* MCHomeViewController.m */,
				0C623D061D34E27C00C0B868 /* MCTopicTableViewController.h */,
				0C623D071D34E27C00C0B868 /* MCTopicTableViewController.m */,
			);
			path = Controller;
			sourceTree = "<group>";
		};
		0CF2FC711D2F91DB00628D5E /* Model */ = {
			isa = PBXGroup;
			children = (
				0CF1D0431D33E88E00EB2E02 /* MCTopLabel.h */,
				0CF1D0441D33E88E00EB2E02 /* MCTopLabel.m */,
				0C3949071D3527F0005FFE41 /* MCTopicModel.h */,
				0C3949081D3527F0005FFE41 /* MCTopicModel.m */,
			);
			path = Model;
			sourceTree = "<group>";
		};
		0CF2FC721D2F91DB00628D5E /* View */ = {
			isa = PBXGroup;
			children = (
				0C3949021D3527D4005FFE41 /* MCTopicCell.h */,
				0C3949031D3527D4005FFE41 /* MCTopicCell.m */,
				0C3949041D3527D4005FFE41 /* MCTopicCell.xib */,
				0C39490A1D35287E005FFE41 /* MCTopicHeadView.h */,
				0C39490B1D35287E005FFE41 /* MCTopicHeadView.m */,
				0C39490D1D35288D005FFE41 /* MCTopicHeadView.xib */,
			);
			path = View;
			sourceTree = "<group>";
		};
		0CF2FC731D2F91DB00628D5E /* Main */ = {
			isa = PBXGroup;
			children = (
				0CF2FC741D2F91DB00628D5E /* Controller */,
				0CF2FC751D2F91DB00628D5E /* Model */,
				0CF2FC761D2F91DB00628D5E /* View */,
			);
			path = Main;
			sourceTree = "<group>";
		};
		0CF2FC741D2F91DB00628D5E /* Controller */ = {
			isa = PBXGroup;
			children = (
				0CF2FC991D3019EF00628D5E /* MCNavigationController.h */,
				0CF2FC9A1D3019EF00628D5E /* MCNavigationController.m */,
				0CF2FCAE1D301AEE00628D5E /* MCTabBarController.h */,
				0CF2FCAF1D301AEE00628D5E /* MCTabBarController.m */,
			);
			path = Controller;
			sourceTree = "<group>";
		};
		0CF2FC751D2F91DB00628D5E /* Model */ = {
			isa = PBXGroup;
			children = (
			);
			path = Model;
			sourceTree = "<group>";
		};
		0CF2FC761D2F91DB00628D5E /* View */ = {
			isa = PBXGroup;
			children = (
			);
			path = View;
			sourceTree = "<group>";
		};
		0CF2FC771D2F91DB00628D5E /* Post */ = {
			isa = PBXGroup;
			children = (
				0CF2FC781D2F91DB00628D5E /* Controller */,
				0CF2FC791D2F91DB00628D5E /* Model */,
				0CF2FC7A1D2F91DB00628D5E /* View */,
			);
			path = Post;
			sourceTree = "<group>";
		};
		0CF2FC781D2F91DB00628D5E /* Controller */ = {
			isa = PBXGroup;
			children = (
				0CF2FCA51D301A4000628D5E /* MCPostViewController.h */,
				0CF2FCA61D301A4000628D5E /* MCPostViewController.m */,
			);
			path = Controller;
			sourceTree = "<group>";
		};
		0CF2FC791D2F91DB00628D5E /* Model */ = {
			isa = PBXGroup;
			children = (
			);
			path = Model;
			sourceTree = "<group>";
		};
		0CF2FC7A1D2F91DB00628D5E /* View */ = {
			isa = PBXGroup;
			children = (
			);
			path = View;
			sourceTree = "<group>";
		};
		0CF2FC7B1D2F91DB00628D5E /* Profile */ = {
			isa = PBXGroup;
			children = (
				0CF2FC7C1D2F91DB00628D5E /* Controller */,
				0CF2FC7D1D2F91DB00628D5E /* Model */,
				0CF2FC7E1D2F91DB00628D5E /* View */,
			);
			path = Profile;
			sourceTree = "<group>";
		};
		0CF2FC7C1D2F91DB00628D5E /* Controller */ = {
			isa = PBXGroup;
			children = (
				0CF2FCAB1D301A7100628D5E /* MCProfileViewController.h */,
				0CF2FCAC1D301A7100628D5E /* MCProfileViewController.m */,
			);
			path = Controller;
			sourceTree = "<group>";
		};
		0CF2FC7D1D2F91DB00628D5E /* Model */ = {
			isa = PBXGroup;
			children = (
			);
			path = Model;
			sourceTree = "<group>";
		};
		0CF2FC7E1D2F91DB00628D5E /* View */ = {
			isa = PBXGroup;
			children = (
			);
			path = View;
			sourceTree = "<group>";
		};
		359E91E33A61941A8802EB30 /* Pods */ = {
			isa = PBXGroup;
			children = (
				64F585E0050AD54EA60B484B /* Pods-抹茶美妆.debug.xcconfig */,
				8B14D121144969213BE2357C /* Pods-抹茶美妆.release.xcconfig */,
			);
			name = Pods;
			sourceTree = "<group>";
		};
		790878B18BD5DABAB8103923 /* Frameworks */ = {
			isa = PBXGroup;
			children = (
				C8700CE5D1ECDA31EFD3F57B /* libPods-抹茶美妆.a */,
			);
			name = Frameworks;
			sourceTree = "<group>";
		};
/* End PBXGroup section */

/* Begin PBXNativeTarget section */
		0CB597C11D2EC8FE00F0CB63 /* 抹茶美妆 */ = {
			isa = PBXNativeTarget;
			buildConfigurationList = 0CB597EF1D2EC8FE00F0CB63 /* Build configuration list for PBXNativeTarget "抹茶美妆" */;
			buildPhases = (
				865BC245C10F3963A20F59B7 /* 📦 Check Pods Manifest.lock */,
				0CB597BE1D2EC8FE00F0CB63 /* Sources */,
				0CB597BF1D2EC8FE00F0CB63 /* Frameworks */,
				0CB597C01D2EC8FE00F0CB63 /* Resources */,
				A53E55090A74EAE6A6CABC9E /* 📦 Embed Pods Frameworks */,
				3DFCC296279B70C570A61959 /* 📦 Copy Pods Resources */,
			);
			buildRules = (
			);
			dependencies = (
			);
			name = "抹茶美妆";
			productName = "抹茶美妆";
			productReference = 0CB597C21D2EC8FE00F0CB63 /* MCMZ.app */;
			productType = "com.apple.product-type.application";
		};
		0CB597DA1D2EC8FE00F0CB63 /* 抹茶美妆Tests */ = {
			isa = PBXNativeTarget;
			buildConfigurationList = 0CB597F21D2EC8FE00F0CB63 /* Build configuration list for PBXNativeTarget "抹茶美妆Tests" */;
			buildPhases = (
				0CB597D71D2EC8FE00F0CB63 /* Sources */,
				0CB597D81D2EC8FE00F0CB63 /* Frameworks */,
				0CB597D91D2EC8FE00F0CB63 /* Resources */,
			);
			buildRules = (
			);
			dependencies = (
				0CB597DD1D2EC8FE00F0CB63 /* PBXTargetDependency */,
			);
			name = "抹茶美妆Tests";
			productName = "抹茶美妆Tests";
			productReference = 0CB597DB1D2EC8FE00F0CB63 /* 抹茶美妆Tests.xctest */;
			productType = "com.apple.product-type.bundle.unit-test";
		};
		0CB597E51D2EC8FE00F0CB63 /* 抹茶美妆UITests */ = {
			isa = PBXNativeTarget;
			buildConfigurationList = 0CB597F51D2EC8FE00F0CB63 /* Build configuration list for PBXNativeTarget "抹茶美妆UITests" */;
			buildPhases = (
				0CB597E21D2EC8FE00F0CB63 /* Sources */,
				0CB597E31D2EC8FE00F0CB63 /* Frameworks */,
				0CB597E41D2EC8FE00F0CB63 /* Resources */,
			);
			buildRules = (
			);
			dependencies = (
				0CB597E81D2EC8FE00F0CB63 /* PBXTargetDependency */,
			);
			name = "抹茶美妆UITests";
			productName = "抹茶美妆UITests";
			productReference = 0CB597E61D2EC8FE00F0CB63 /* 抹茶美妆UITests.xctest */;
			productType = "com.apple.product-type.bundle.ui-testing";
		};
/* End PBXNativeTarget section */

/* Begin PBXProject section */
		0CB597BA1D2EC8FE00F0CB63 /* Project object */ = {
			isa = PBXProject;
			attributes = {
				CLASSPREFIX = MC;
				LastUpgradeCheck = 0730;
				ORGANIZATIONNAME = Aesthetic92;
				TargetAttributes = {
					0CB597C11D2EC8FE00F0CB63 = {
						CreatedOnToolsVersion = 7.3.1;
						DevelopmentTeam = VT8GB485LH;
					};
					0CB597DA1D2EC8FE00F0CB63 = {
						CreatedOnToolsVersion = 7.3.1;
						TestTargetID = 0CB597C11D2EC8FE00F0CB63;
					};
					0CB597E51D2EC8FE00F0CB63 = {
						CreatedOnToolsVersion = 7.3.1;
						TestTargetID = 0CB597C11D2EC8FE00F0CB63;
					};
				};
			};
			buildConfigurationList = 0CB597BD1D2EC8FE00F0CB63 /* Build configuration list for PBXProject "抹茶美妆" */;
			compatibilityVersion = "Xcode 3.2";
			developmentRegion = English;
			hasScannedForEncodings = 0;
			knownRegions = (
				en,
				Base,
			);
			mainGroup = 0CB597B91D2EC8FE00F0CB63;
			productRefGroup = 0CB597C31D2EC8FE00F0CB63 /* Products */;
			projectDirPath = "";
			projectRoot = "";
			targets = (
				0CB597C11D2EC8FE00F0CB63 /* 抹茶美妆 */,
				0CB597DA1D2EC8FE00F0CB63 /* 抹茶美妆Tests */,
				0CB597E51D2EC8FE00F0CB63 /* 抹茶美妆UITests */,
			);
		};
/* End PBXProject section */

/* Begin PBXResourcesBuildPhase section */
		0CB597C01D2EC8FE00F0CB63 /* Resources */ = {
			isa = PBXResourcesBuildPhase;
			buildActionMask = 2147483647;
			files = (
				0CB597D51D2EC8FE00F0CB63 /* LaunchScreen.storyboard in Resources */,
				0C39490E1D35288D005FFE41 /* MCTopicHeadView.xib in Resources */,
				0C39491A1D3532C0005FFE41 /* 值得买.json in Resources */,
				0CB597D21D2EC8FE00F0CB63 /* Assets.xcassets in Resources */,
				0C3949171D3532C0005FFE41 /* 茶社.json in Resources */,
				0C39491B1D3532C0005FFE41 /* 值得买类别.json in Resources */,
				0C3949181D3532C0005FFE41 /* 首页.json in Resources */,
				0C3949191D3532C0005FFE41 /* 首页分类.json in Resources */,
				0CB597D01D2EC8FE00F0CB63 /* Main.storyboard in Resources */,
				0C3949061D3527D4005FFE41 /* MCTopicCell.xib in Resources */,
			);
			runOnlyForDeploymentPostprocessing = 0;
		};
		0CB597D91D2EC8FE00F0CB63 /* Resources */ = {
			isa = PBXResourcesBuildPhase;
			buildActionMask = 2147483647;
			files = (
			);
			runOnlyForDeploymentPostprocessing = 0;
		};
		0CB597E41D2EC8FE00F0CB63 /* Resources */ = {
			isa = PBXResourcesBuildPhase;
			buildActionMask = 2147483647;
			files = (
			);
			runOnlyForDeploymentPostprocessing = 0;
		};
/* End PBXResourcesBuildPhase section */

/* Begin PBXShellScriptBuildPhase section */
		3DFCC296279B70C570A61959 /* 📦 Copy Pods Resources */ = {
			isa = PBXShellScriptBuildPhase;
			buildActionMask = 2147483647;
			files = (
			);
			inputPaths = (
			);
			name = "📦 Copy Pods Resources";
			outputPaths = (
			);
			runOnlyForDeploymentPostprocessing = 0;
			shellPath = /bin/sh;
			shellScript = "\"${SRCROOT}/Pods/Target Support Files/Pods-抹茶美妆/Pods-抹茶美妆-resources.sh\"\n";
			showEnvVarsInLog = 0;
		};
		865BC245C10F3963A20F59B7 /* 📦 Check Pods Manifest.lock */ = {
			isa = PBXShellScriptBuildPhase;
			buildActionMask = 2147483647;
			files = (
			);
			inputPaths = (
			);
			name = "📦 Check Pods Manifest.lock";
			outputPaths = (
			);
			runOnlyForDeploymentPostprocessing = 0;
			shellPath = /bin/sh;
			shellScript = "diff \"${PODS_ROOT}/../Podfile.lock\" \"${PODS_ROOT}/Manifest.lock\" > /dev/null\nif [[ $? != 0 ]] ; then\n    cat << EOM\nerror: The sandbox is not in sync with the Podfile.lock. Run 'pod install' or update your CocoaPods installation.\nEOM\n    exit 1\nfi\n";
			showEnvVarsInLog = 0;
		};
		A53E55090A74EAE6A6CABC9E /* 📦 Embed Pods Frameworks */ = {
			isa = PBXShellScriptBuildPhase;
			buildActionMask = 2147483647;
			files = (
			);
			inputPaths = (
			);
			name = "📦 Embed Pods Frameworks";
			outputPaths = (
			);
			runOnlyForDeploymentPostprocessing = 0;
			shellPath = /bin/sh;
			shellScript = "\"${SRCROOT}/Pods/Target Support Files/Pods-抹茶美妆/Pods-抹茶美妆-frameworks.sh\"\n";
			showEnvVarsInLog = 0;
		};
/* End PBXShellScriptBuildPhase section */

/* Begin PBXSourcesBuildPhase section */
		0CB597BE1D2EC8FE00F0CB63 /* Sources */ = {
			isa = PBXSourcesBuildPhase;
			buildActionMask = 2147483647;
			files = (
				0CF2FCA41D301A3000628D5E /* MCBestBuyViewController.m in Sources */,
				0CF2FC9E1D301A0500628D5E /* MCHomeViewController.m in Sources */,
				0CF1D0451D33E88E00EB2E02 /* MCTopLabel.m in Sources */,
				0C3949051D3527D4005FFE41 /* MCTopicCell.m in Sources */,
				0C3949091D3527F0005FFE41 /* MCTopicModel.m in Sources */,
				0CDF628C1D2F575200C68874 /* AppDelegate.m in Sources */,
				0C3949241D353657005FFE41 /* NSArray+Extension.m in Sources */,
				0CB597C71D2EC8FE00F0CB63 /* main.m in Sources */,
				0CF2FCB01D301AEE00628D5E /* MCTabBarController.m in Sources */,
				0CF2FCA11D301A1D00628D5E /* MCCommunityViewController.m in Sources */,
				0CF2FCA71D301A4000628D5E /* MCPostViewController.m in Sources */,
				0C3949271D353A5F005FFE41 /* NSString+Extension.m in Sources */,
				0CF2FCAD1D301A7100628D5E /* MCProfileViewController.m in Sources */,
				0C623D081D34E27C00C0B868 /* MCTopicTableViewController.m in Sources */,
				0C39490C1D35287E005FFE41 /* MCTopicHeadView.m in Sources */,
				0CF2FC9B1D3019EF00628D5E /* MCNavigationController.m in Sources */,
			);
			runOnlyForDeploymentPostprocessing = 0;
		};
		0CB597D71D2EC8FE00F0CB63 /* Sources */ = {
			isa = PBXSourcesBuildPhase;
			buildActionMask = 2147483647;
			files = (
				0CB597E01D2EC8FE00F0CB63 /* ____Tests.m in Sources */,
			);
			runOnlyForDeploymentPostprocessing = 0;
		};
		0CB597E21D2EC8FE00F0CB63 /* Sources */ = {
			isa = PBXSourcesBuildPhase;
			buildActionMask = 2147483647;
			files = (
				0CB597EB1D2EC8FE00F0CB63 /* ____UITests.m in Sources */,
			);
			runOnlyForDeploymentPostprocessing = 0;
		};
/* End PBXSourcesBuildPhase section */

/* Begin PBXTargetDependency section */
		0CB597DD1D2EC8FE00F0CB63 /* PBXTargetDependency */ = {
			isa = PBXTargetDependency;
			target = 0CB597C11D2EC8FE00F0CB63 /* 抹茶美妆 */;
			targetProxy = 0CB597DC1D2EC8FE00F0CB63 /* PBXContainerItemProxy */;
		};
		0CB597E81D2EC8FE00F0CB63 /* PBXTargetDependency */ = {
			isa = PBXTargetDependency;
			target = 0CB597C11D2EC8FE00F0CB63 /* 抹茶美妆 */;
			targetProxy = 0CB597E71D2EC8FE00F0CB63 /* PBXContainerItemProxy */;
		};
/* End PBXTargetDependency section */

/* Begin PBXVariantGroup section */
		0CB597CE1D2EC8FE00F0CB63 /* Main.storyboard */ = {
			isa = PBXVariantGroup;
			children = (
				0CB597CF1D2EC8FE00F0CB63 /* Base */,
			);
			name = Main.storyboard;
			sourceTree = "<group>";
		};
		0CB597D31D2EC8FE00F0CB63 /* LaunchScreen.storyboard */ = {
			isa = PBXVariantGroup;
			children = (
				0CB597D41D2EC8FE00F0CB63 /* Base */,
			);
			name = LaunchScreen.storyboard;
			sourceTree = "<group>";
		};
/* End PBXVariantGroup section */

/* Begin XCBuildConfiguration section */
		0CB597ED1D2EC8FE00F0CB63 /* Debug */ = {
			isa = XCBuildConfiguration;
			buildSettings = {
				ALWAYS_SEARCH_USER_PATHS = NO;
				CLANG_ANALYZER_NONNULL = YES;
				CLANG_CXX_LANGUAGE_STANDARD = "gnu++0x";
				CLANG_CXX_LIBRARY = "libc++";
				CLANG_ENABLE_MODULES = YES;
				CLANG_ENABLE_OBJC_ARC = YES;
				CLANG_WARN_BOOL_CONVERSION = YES;
				CLANG_WARN_CONSTANT_CONVERSION = YES;
				CLANG_WARN_DIRECT_OBJC_ISA_USAGE = YES_ERROR;
				CLANG_WARN_EMPTY_BODY = YES;
				CLANG_WARN_ENUM_CONVERSION = YES;
				CLANG_WARN_INT_CONVERSION = YES;
				CLANG_WARN_OBJC_ROOT_CLASS = YES_ERROR;
				CLANG_WARN_UNREACHABLE_CODE = YES;
				CLANG_WARN__DUPLICATE_METHOD_MATCH = YES;
				"CODE_SIGN_IDENTITY[sdk=iphoneos*]" = "iPhone Developer";
				COPY_PHASE_STRIP = NO;
				DEBUG_INFORMATION_FORMAT = dwarf;
				ENABLE_STRICT_OBJC_MSGSEND = YES;
				ENABLE_TESTABILITY = YES;
				GCC_C_LANGUAGE_STANDARD = gnu99;
				GCC_DYNAMIC_NO_PIC = NO;
				GCC_NO_COMMON_BLOCKS = YES;
				GCC_OPTIMIZATION_LEVEL = 0;
				GCC_PREPROCESSOR_DEFINITIONS = (
					"DEBUG=1",
					"$(inherited)",
				);
				GCC_WARN_64_TO_32_BIT_CONVERSION = YES;
				GCC_WARN_ABOUT_RETURN_TYPE = YES_ERROR;
				GCC_WARN_UNDECLARED_SELECTOR = YES;
				GCC_WARN_UNINITIALIZED_AUTOS = YES_AGGRESSIVE;
				GCC_WARN_UNUSED_FUNCTION = YES;
				GCC_WARN_UNUSED_VARIABLE = YES;
				IPHONEOS_DEPLOYMENT_TARGET = 9.3;
				MTL_ENABLE_DEBUG_INFO = YES;
				ONLY_ACTIVE_ARCH = YES;
				SDKROOT = iphoneos;
			};
			name = Debug;
		};
		0CB597EE1D2EC8FE00F0CB63 /* Release */ = {
			isa = XCBuildConfiguration;
			buildSettings = {
				ALWAYS_SEARCH_USER_PATHS = NO;
				CLANG_ANALYZER_NONNULL = YES;
				CLANG_CXX_LANGUAGE_STANDARD = "gnu++0x";
				CLANG_CXX_LIBRARY = "libc++";
				CLANG_ENABLE_MODULES = YES;
				CLANG_ENABLE_OBJC_ARC = YES;
				CLANG_WARN_BOOL_CONVERSION = YES;
				CLANG_WARN_CONSTANT_CONVERSION = YES;
				CLANG_WARN_DIRECT_OBJC_ISA_USAGE = YES_ERROR;
				CLANG_WARN_EMPTY_BODY = YES;
				CLANG_WARN_ENUM_CONVERSION = YES;
				CLANG_WARN_INT_CONVERSION = YES;
				CLANG_WARN_OBJC_ROOT_CLASS = YES_ERROR;
				CLANG_WARN_UNREACHABLE_CODE = YES;
				CLANG_WARN__DUPLICATE_METHOD_MATCH = YES;
				"CODE_SIGN_IDENTITY[sdk=iphoneos*]" = "iPhone Developer";
				COPY_PHASE_STRIP = NO;
				DEBUG_INFORMATION_FORMAT = "dwarf-with-dsym";
				ENABLE_NS_ASSERTIONS = NO;
				ENABLE_STRICT_OBJC_MSGSEND = YES;
				GCC_C_LANGUAGE_STANDARD = gnu99;
				GCC_NO_COMMON_BLOCKS = YES;
				GCC_WARN_64_TO_32_BIT_CONVERSION = YES;
				GCC_WARN_ABOUT_RETURN_TYPE = YES_ERROR;
				GCC_WARN_UNDECLARED_SELECTOR = YES;
				GCC_WARN_UNINITIALIZED_AUTOS = YES_AGGRESSIVE;
				GCC_WARN_UNUSED_FUNCTION = YES;
				GCC_WARN_UNUSED_VARIABLE = YES;
				IPHONEOS_DEPLOYMENT_TARGET = 9.3;
				MTL_ENABLE_DEBUG_INFO = NO;
				SDKROOT = iphoneos;
				VALIDATE_PRODUCT = YES;
			};
			name = Release;
		};
		0CB597F01D2EC8FE00F0CB63 /* Debug */ = {
			isa = XCBuildConfiguration;
			baseConfigurationReference = 64F585E0050AD54EA60B484B /* Pods-抹茶美妆.debug.xcconfig */;
			buildSettings = {
				ASSETCATALOG_COMPILER_APPICON_NAME = AppIcon;
				ASSETCATALOG_COMPILER_LAUNCHIMAGE_NAME = "Brand Assets";
				CODE_SIGN_IDENTITY = "iPhone Developer";
				GCC_PREFIX_HEADER = "抹茶美妆/Others/PrefixHeader.pch";
				INFOPLIST_FILE = "抹茶美妆/Info.plist";
				IPHONEOS_DEPLOYMENT_TARGET = 7.0;
				LD_RUNPATH_SEARCH_PATHS = "$(inherited) @executable_path/Frameworks";
				PRODUCT_BUNDLE_IDENTIFIER = "HIT.----";
				PRODUCT_NAME = MCMZ;
			};
			name = Debug;
		};
		0CB597F11D2EC8FE00F0CB63 /* Release */ = {
			isa = XCBuildConfiguration;
			baseConfigurationReference = 8B14D121144969213BE2357C /* Pods-抹茶美妆.release.xcconfig */;
			buildSettings = {
				ASSETCATALOG_COMPILER_APPICON_NAME = AppIcon;
				ASSETCATALOG_COMPILER_LAUNCHIMAGE_NAME = "Brand Assets";
				CODE_SIGN_IDENTITY = "iPhone Developer";
				GCC_PREFIX_HEADER = "抹茶美妆/Others/PrefixHeader.pch";
				INFOPLIST_FILE = "抹茶美妆/Info.plist";
				IPHONEOS_DEPLOYMENT_TARGET = 7.0;
				LD_RUNPATH_SEARCH_PATHS = "$(inherited) @executable_path/Frameworks";
				PRODUCT_BUNDLE_IDENTIFIER = "HIT.----";
				PRODUCT_NAME = MCMZ;
			};
			name = Release;
		};
		0CB597F31D2EC8FE00F0CB63 /* Debug */ = {
			isa = XCBuildConfiguration;
			buildSettings = {
				BUNDLE_LOADER = "$(TEST_HOST)";
				INFOPLIST_FILE = "抹茶美妆Tests/Info.plist";
				LD_RUNPATH_SEARCH_PATHS = "$(inherited) @executable_path/Frameworks @loader_path/Frameworks";
				PRODUCT_BUNDLE_IDENTIFIER = "HIT.----Tests";
				PRODUCT_NAME = "$(TARGET_NAME)";
				TEST_HOST = "$(BUILT_PRODUCTS_DIR)/抹茶美妆.app/抹茶美妆";
			};
			name = Debug;
		};
		0CB597F41D2EC8FE00F0CB63 /* Release */ = {
			isa = XCBuildConfiguration;
			buildSettings = {
				BUNDLE_LOADER = "$(TEST_HOST)";
				INFOPLIST_FILE = "抹茶美妆Tests/Info.plist";
				LD_RUNPATH_SEARCH_PATHS = "$(inherited) @executable_path/Frameworks @loader_path/Frameworks";
				PRODUCT_BUNDLE_IDENTIFIER = "HIT.----Tests";
				PRODUCT_NAME = "$(TARGET_NAME)";
				TEST_HOST = "$(BUILT_PRODUCTS_DIR)/抹茶美妆.app/抹茶美妆";
			};
			name = Release;
		};
		0CB597F61D2EC8FE00F0CB63 /* Debug */ = {
			isa = XCBuildConfiguration;
			buildSettings = {
				INFOPLIST_FILE = "抹茶美妆UITests/Info.plist";
				LD_RUNPATH_SEARCH_PATHS = "$(inherited) @executable_path/Frameworks @loader_path/Frameworks";
				PRODUCT_BUNDLE_IDENTIFIER = "HIT.----UITests";
				PRODUCT_NAME = "$(TARGET_NAME)";
				TEST_TARGET_NAME = "抹茶美妆";
			};
			name = Debug;
		};
		0CB597F71D2EC8FE00F0CB63 /* Release */ = {
			isa = XCBuildConfiguration;
			buildSettings = {
				INFOPLIST_FILE = "抹茶美妆UITests/Info.plist";
				LD_RUNPATH_SEARCH_PATHS = "$(inherited) @executable_path/Frameworks @loader_path/Frameworks";
				PRODUCT_BUNDLE_IDENTIFIER = "HIT.----UITests";
				PRODUCT_NAME = "$(TARGET_NAME)";
				TEST_TARGET_NAME = "抹茶美妆";
			};
			name = Release;
		};
/* End XCBuildConfiguration section */

/* Begin XCConfigurationList section */
		0CB597BD1D2EC8FE00F0CB63 /* Build configuration list for PBXProject "抹茶美妆" */ = {
			isa = XCConfigurationList;
			buildConfigurations = (
				0CB597ED1D2EC8FE00F0CB63 /* Debug */,
				0CB597EE1D2EC8FE00F0CB63 /* Release */,
			);
			defaultConfigurationIsVisible = 0;
			defaultConfigurationName = Release;
		};
		0CB597EF1D2EC8FE00F0CB63 /* Build configuration list for PBXNativeTarget "抹茶美妆" */ = {
			isa = XCConfigurationList;
			buildConfigurations = (
				0CB597F01D2EC8FE00F0CB63 /* Debug */,
				0CB597F11D2EC8FE00F0CB63 /* Release */,
			);
			defaultConfigurationIsVisible = 0;
			defaultConfigurationName = Release;
		};
		0CB597F21D2EC8FE00F0CB63 /* Build configuration list for PBXNativeTarget "抹茶美妆Tests" */ = {
			isa = XCConfigurationList;
			buildConfigurations = (
				0CB597F31D2EC8FE00F0CB63 /* Debug */,
				0CB597F41D2EC8FE00F0CB63 /* Release */,
			);
			defaultConfigurationIsVisible = 0;
			defaultConfigurationName = Release;
		};
		0CB597F51D2EC8FE00F0CB63 /* Build configuration list for PBXNativeTarget "抹茶美妆UITests" */ = {
			isa = XCConfigurationList;
			buildConfigurations = (
				0CB597F61D2EC8FE00F0CB63 /* Debug */,
				0CB597F71D2EC8FE00F0CB63 /* Release */,
			);
			defaultConfigurationIsVisible = 0;
			defaultConfigurationName = Release;
		};
/* End XCConfigurationList section */
	};
	rootObject = 0CB597BA1D2EC8FE00F0CB63 /* Project object */;
}
